
Microsoft Visual Studio Solution File, Format Version 12.00
# Visual Studio 2012
Project("{FAE04EC0-301F-11D3-BF4B-00C04F79EFBC}") = "RfID", "ServoMotor\RfID.csproj", "{DFD97820-DCE2-4DBF-A697-E37993F8A2FD}"
EndProject
Global
	GlobalSection(SolutionConfigurationPlatforms) = preSolution
		Debug|Any CPU = Debug|Any CPU
		Release|Any CPU = Release|Any CPU
	EndGlobalSection
	GlobalSection(ProjectConfigurationPlatforms) = postSolution
		{DFD97820-DCE2-4DBF-A697-E37993F8A2FD}.Debug|Any CPU.ActiveCfg = Debug|Any CPU
		{DFD97820-DCE2-4DBF-A697-E37993F8A2FD}.Debug|Any CPU.Build.0 = Debug|Any CPU
		{DFD97820-DCE2-4DBF-A697-E37993F8A2FD}.Release|Any CPU.ActiveCfg = Release|Any CPU
		{DFD97820-DCE2-4DBF-A697-E37993F8A2FD}.Release|Any CPU.Build.0 = Release|Any CPU
	EndGlobalSection
	GlobalSection(SolutionProperties) = preSolution
		HideSolutionNode = FALSE
	EndGlobalSection
EndGlobal
